
Microsoft Visual Studio Solution File, Format Version 12.00
# Visual Studio 2013
VisualStudioVersion = 12.0.30723.0
MinimumVisualStudioVersion = 10.0.40219.1
Project("{FAE04EC0-301F-11D3-BF4B-00C04F79EFBC}") = "NorthwindCustomerService.Model", "NorthwindCustomerService.Model\NorthwindCustomerService.Model.csproj", "{DCE70B60-C5C9-46B5-BF26-2F7FC4555F44}"
EndProject
Project("{2150E333-8FDC-42A3-9474-1A3956D46DE8}") = ".nuget", ".nuget", "{16DCDD97-868F-43A4-9E5E-A49655D6D764}"
	ProjectSection(SolutionItems) = preProject
		.nuget\NuGet.Config = .nuget\NuGet.Config
		.nuget\NuGet.exe = .nuget\NuGet.exe
		.nuget\NuGet.targets = .nuget\NuGet.targets
	EndProjectSection
EndProject
Project("{FAE04EC0-301F-11D3-BF4B-00C04F79EFBC}") = "NorthwindCustomerService.DataAccess", "NorthwindCustomerService.DataAccess\NorthwindCustomerService.DataAccess.csproj", "{A422203C-A894-47A0-8AEE-0C16030E1A28}"
EndProject
Project("{FAE04EC0-301F-11D3-BF4B-00C04F79EFBC}") = "NorthwindCustomerService.Web", "NorthwindCustomerService.Web\NorthwindCustomerService.Web.csproj", "{97BD09AE-14E1-4266-ADAD-22B2A0946F8C}"
EndProject
Global
	GlobalSection(SolutionConfigurationPlatforms) = preSolution
		Debug|Any CPU = Debug|Any CPU
		Release|Any CPU = Release|Any CPU
	EndGlobalSection
	GlobalSection(ProjectConfigurationPlatforms) = postSolution
		{DCE70B60-C5C9-46B5-BF26-2F7FC4555F44}.Debug|Any CPU.ActiveCfg = Debug|Any CPU
		{DCE70B60-C5C9-46B5-BF26-2F7FC4555F44}.Debug|Any CPU.Build.0 = Debug|Any CPU
		{DCE70B60-C5C9-46B5-BF26-2F7FC4555F44}.Release|Any CPU.ActiveCfg = Release|Any CPU
		{DCE70B60-C5C9-46B5-BF26-2F7FC4555F44}.Release|Any CPU.Build.0 = Release|Any CPU
		{A422203C-A894-47A0-8AEE-0C16030E1A28}.Debug|Any CPU.ActiveCfg = Debug|Any CPU
		{A422203C-A894-47A0-8AEE-0C16030E1A28}.Debug|Any CPU.Build.0 = Debug|Any CPU
		{A422203C-A894-47A0-8AEE-0C16030E1A28}.Release|Any CPU.ActiveCfg = Release|Any CPU
		{A422203C-A894-47A0-8AEE-0C16030E1A28}.Release|Any CPU.Build.0 = Release|Any CPU
		{97BD09AE-14E1-4266-ADAD-22B2A0946F8C}.Debug|Any CPU.ActiveCfg = Debug|Any CPU
		{97BD09AE-14E1-4266-ADAD-22B2A0946F8C}.Debug|Any CPU.Build.0 = Debug|Any CPU
		{97BD09AE-14E1-4266-ADAD-22B2A0946F8C}.Release|Any CPU.ActiveCfg = Release|Any CPU
		{97BD09AE-14E1-4266-ADAD-22B2A0946F8C}.Release|Any CPU.Build.0 = Release|Any CPU
	EndGlobalSection
	GlobalSection(SolutionProperties) = preSolution
		HideSolutionNode = FALSE
	EndGlobalSection
EndGlobal
